
Microsoft Visual Studio Solution File, Format Version 12.00
Project("{FAE04EC0-301F-11D3-BF4B-00C04F79EFBC}") = "CS2-Admin", "CS2-Admin\CS2-Admin.csproj", "{09F01FFB-387A-4456-AD52-E027E53AF076}"
EndProject
Global
	GlobalSection(SolutionConfigurationPlatforms) = preSolution
		Debug|Any CPU = Debug|Any CPU
		Release|Any CPU = Release|Any CPU
	EndGlobalSection
	GlobalSection(ProjectConfigurationPlatforms) = postSolution
		{09F01FFB-387A-4456-AD52-E027E53AF076}.Debug|Any CPU.ActiveCfg = Debug|Any CPU
		{09F01FFB-387A-4456-AD52-E027E53AF076}.Debug|Any CPU.Build.0 = Debug|Any CPU
		{09F01FFB-387A-4456-AD52-E027E53AF076}.Release|Any CPU.ActiveCfg = Release|Any CPU
		{09F01FFB-387A-4456-AD52-E027E53AF076}.Release|Any CPU.Build.0 = Release|Any CPU
	EndGlobalSection
EndGlobal
