
Microsoft Visual Studio Solution File, Format Version 12.00
# Visual Studio Version 17
VisualStudioVersion = 17.5.002.0
MinimumVisualStudioVersion = 10.0.40219.1
Project("{9A19103F-16F7-4668-BE54-9A1E7A4F7556}") = "CS2-Admin", "CS2-Admin.csproj", "{A34DF1E3-D9F3-4906-9495-02F0F980BA0D}"
EndProject
Global
	GlobalSection(SolutionConfigurationPlatforms) = preSolution
		Debug|Any CPU = Debug|Any CPU
		Release|Any CPU = Release|Any CPU
	EndGlobalSection
	GlobalSection(ProjectConfigurationPlatforms) = postSolution
		{A34DF1E3-D9F3-4906-9495-02F0F980BA0D}.Debug|Any CPU.ActiveCfg = Debug|Any CPU
		{A34DF1E3-D9F3-4906-9495-02F0F980BA0D}.Debug|Any CPU.Build.0 = Debug|Any CPU
		{A34DF1E3-D9F3-4906-9495-02F0F980BA0D}.Release|Any CPU.ActiveCfg = Release|Any CPU
		{A34DF1E3-D9F3-4906-9495-02F0F980BA0D}.Release|Any CPU.Build.0 = Release|Any CPU
	EndGlobalSection
	GlobalSection(SolutionProperties) = preSolution
		HideSolutionNode = FALSE
	EndGlobalSection
	GlobalSection(ExtensibilityGlobals) = postSolution
		SolutionGuid = {49BFD5F8-BAA2-468F-8D0C-8A01B7620B7A}
	EndGlobalSection
EndGlobal
